
Microsoft Visual Studio Solution File, Format Version 12.00
# Visual Studio Version 16
VisualStudioVersion = 16.0.28803.156
MinimumVisualStudioVersion = 10.0.40219.1
Project("{FAE04EC0-301F-11D3-BF4B-00C04F79EFBC}") = "HeroMonsterGame", "HeroMonsterGame\HeroMonsterGame.csproj", "{DA7B7105-A7D5-4751-A678-334F1FCB1238}"
EndProject
Global
	GlobalSection(SolutionConfigurationPlatforms) = preSolution
		Debug|Any CPU = Debug|Any CPU
		Release|Any CPU = Release|Any CPU
	EndGlobalSection
	GlobalSection(ProjectConfigurationPlatforms) = postSolution
		{DA7B7105-A7D5-4751-A678-334F1FCB1238}.Debug|Any CPU.ActiveCfg = Debug|Any CPU
		{DA7B7105-A7D5-4751-A678-334F1FCB1238}.Debug|Any CPU.Build.0 = Debug|Any CPU
		{DA7B7105-A7D5-4751-A678-334F1FCB1238}.Release|Any CPU.ActiveCfg = Release|Any CPU
		{DA7B7105-A7D5-4751-A678-334F1FCB1238}.Release|Any CPU.Build.0 = Release|Any CPU
	EndGlobalSection
	GlobalSection(SolutionProperties) = preSolution
		HideSolutionNode = FALSE
	EndGlobalSection
	GlobalSection(ExtensibilityGlobals) = postSolution
		SolutionGuid = {62467409-1DF3-4FFF-9267-8141FAF8B02D}
	EndGlobalSection
EndGlobal
